Microsoft Visual Studio Solution File, Format Version 12.00
# Visual Studio Version 17
VisualStudioVersion = 17.9.34607.119
MinimumVisualStudioVersion = 10.0.40219.1
Project("{9A19103F-16F7-4668-BE54-9A1E7A4F7556}") = "Auth_API", "AuthAPI\Auth_API\Auth_API.csproj", "{E485F7E3-4E12-4150-9071-2AC13B0DF750}"
EndProject
Project("{9A19103F-16F7-4668-BE54-9A1E7A4F7556}") = "Auth_API.Domain", "AuthAPI\Auth_API.Domain\Auth_API.Domain.csproj", "{46E863C2-123B-42A5-B0A0-6DC5B6EC793D}"
EndProject
Project("{9A19103F-16F7-4668-BE54-9A1E7A4F7556}") = "Auth_API.Application", "AuthAPI\Auth_API.Application\Auth_API.Application.csproj", "{4157DEEF-2E60-4E65-B83E-F10CB3179F0B}"
EndProject
Project("{9A19103F-16F7-4668-BE54-9A1E7A4F7556}") = "Auth_API.DataAccess", "AuthAPI\Auth_API.DataAccess\Auth_API.DataAccess.csproj", "{374A3301-11E6-4138-9701-47304C951320}"
EndProject
Project("{9A19103F-16F7-4668-BE54-9A1E7A4F7556}") = "Auth_API.Infrastructure", "AuthAPI\Auth_API.Infrastructure\Auth_API.Infrastructure.csproj", "{902E2DA3-3CDA-492E-BA03-BDD7594821E9}"
EndProject
Project("{9A19103F-16F7-4668-BE54-9A1E7A4F7556}") = "Office_API", "OfficeAPI\Office_API\Office_API.csproj", "{A8ECF11E-DAB6-482C-8101-DAD736F83265}"
EndProject
Project("{9A19103F-16F7-4668-BE54-9A1E7A4F7556}") = "Office_API.Domain", "OfficeAPI\Office_API.Domain\Office_API.Domain.csproj", "{E53E4725-5378-42EE-8E08-DD6B53999F7A}"
EndProject
Project("{9A19103F-16F7-4668-BE54-9A1E7A4F7556}") = "Office_API.Application", "OfficeAPI\Office_API.Application\Office_API.Application.csproj", "{6E1AC873-AC72-4409-B100-AC1BDF591DA9}"
EndProject
Project("{9A19103F-16F7-4668-BE54-9A1E7A4F7556}") = "Office_API.DataAccess", "OfficeAPI\Office_API.DataAccess\Office_API.DataAccess.csproj", "{0239D6C3-B1BB-49B3-BD60-9ED4DCE3B42D}"
EndProject
Project("{2150E333-8FDC-42A3-9474-1A3956D46DE8}") = "AuthAPI", "AuthAPI", "{E73F2D63-12DB-4AB5-BC3D-2E164324EC5E}"
EndProject
Project("{2150E333-8FDC-42A3-9474-1A3956D46DE8}") = "OfficeAPI", "OfficeAPI", "{A36CC098-A80C-4CCC-85BB-44435D7E43F8}"
EndProject
Project("{2150E333-8FDC-42A3-9474-1A3956D46DE8}") = "ProfileAPI", "ProfileAPI", "{364B5EB1-A199-497C-9E0A-B2A8FBDC12B5}"
EndProject
Project("{9A19103F-16F7-4668-BE54-9A1E7A4F7556}") = "Profile_API", "ProfileAPI\Profile_API\Profile_API.csproj", "{CF813C5B-4220-4446-9240-72AE1160FD06}"
	ProjectSection(ProjectDependencies) = postProject
		{6275F0A8-B3D2-4286-B13C-116518877205} = {6275F0A8-B3D2-4286-B13C-116518877205}
	EndProjectSection
EndProject
Project("{9A19103F-16F7-4668-BE54-9A1E7A4F7556}") = "Profile_API.Domain", "ProfileAPI\Profile_API.Domain\Profile_API.Domain.csproj", "{6275F0A8-B3D2-4286-B13C-116518877205}"
EndProject
Project("{9A19103F-16F7-4668-BE54-9A1E7A4F7556}") = "Profile_API.Infrastructure", "ProfileAPI\Profile_API.Infrastructure\Profile_API.Infrastructure.csproj", "{927ABC22-D64E-4B0F-935D-8D6D97555993}"
EndProject
Project("{9A19103F-16F7-4668-BE54-9A1E7A4F7556}") = "Profile_API.DataAccess", "ProfileAPI\Profile_API.DataAccess\Profile_API.DataAccess.csproj", "{07E65F73-8A49-4AD8-BD9B-330386D46DA8}"
EndProject
Project("{9A19103F-16F7-4668-BE54-9A1E7A4F7556}") = "Profile_API.Application", "ProfileAPI\Profile_API.Application\Profile_API.Application.csproj", "{848D7B1E-1B0B-4620-852B-224F9F3B2A39}"
EndProject
Project("{9A19103F-16F7-4668-BE54-9A1E7A4F7556}") = "Global", "Global\Global.csproj", "{3CE37406-1E67-4B86-9E81-2179BDFC04EE}"
EndProject
Project("{2150E333-8FDC-42A3-9474-1A3956D46DE8}") = "ServiceAPI", "ServiceAPI", "{1FC612B8-83B3-4B5E-8DE0-EF75DF3EF95C}"
EndProject
Project("{FAE04EC0-301F-11D3-BF4B-00C04F79EFBC}") = "Service_API", "ServiceAPI\Service_API\Service_API.csproj", "{12DD5D2B-C1D8-4310-A33E-886ACFD722FF}"
EndProject
Project("{FAE04EC0-301F-11D3-BF4B-00C04F79EFBC}") = "Service_API.Domain", "ServiceAPI\Service_API.Domain\Service_API.Domain.csproj", "{49E327FE-BD38-419C-ABF7-875F441D6AD6}"
EndProject
Project("{FAE04EC0-301F-11D3-BF4B-00C04F79EFBC}") = "Service_API.DataAccess", "ServiceAPI\Service_API.DataAccess\Service_API.DataAccess.csproj", "{80FA7C2D-331C-4D32-9303-99AC5BFAD703}"
EndProject
Project("{FAE04EC0-301F-11D3-BF4B-00C04F79EFBC}") = "Service_API.Application", "ServiceAPI\Service_API.Application\Service_API.Application.csproj", "{80887A4B-9D74-4168-A58B-D0F0D29846D5}"
EndProject
Global
	GlobalSection(SolutionConfigurationPlatforms) = preSolution
		Debug|Any CPU = Debug|Any CPU
		Release|Any CPU = Release|Any CPU
	EndGlobalSection
	GlobalSection(ProjectConfigurationPlatforms) = postSolution
		{E485F7E3-4E12-4150-9071-2AC13B0DF750}.Debug|Any CPU.ActiveCfg = Debug|Any CPU
		{E485F7E3-4E12-4150-9071-2AC13B0DF750}.Debug|Any CPU.Build.0 = Debug|Any CPU
		{E485F7E3-4E12-4150-9071-2AC13B0DF750}.Release|Any CPU.ActiveCfg = Release|Any CPU
		{E485F7E3-4E12-4150-9071-2AC13B0DF750}.Release|Any CPU.Build.0 = Release|Any CPU
		{46E863C2-123B-42A5-B0A0-6DC5B6EC793D}.Debug|Any CPU.ActiveCfg = Debug|Any CPU
		{46E863C2-123B-42A5-B0A0-6DC5B6EC793D}.Debug|Any CPU.Build.0 = Debug|Any CPU
		{46E863C2-123B-42A5-B0A0-6DC5B6EC793D}.Release|Any CPU.ActiveCfg = Release|Any CPU
		{46E863C2-123B-42A5-B0A0-6DC5B6EC793D}.Release|Any CPU.Build.0 = Release|Any CPU
		{4157DEEF-2E60-4E65-B83E-F10CB3179F0B}.Debug|Any CPU.ActiveCfg = Debug|Any CPU
		{4157DEEF-2E60-4E65-B83E-F10CB3179F0B}.Debug|Any CPU.Build.0 = Debug|Any CPU
		{4157DEEF-2E60-4E65-B83E-F10CB3179F0B}.Release|Any CPU.ActiveCfg = Release|Any CPU
		{4157DEEF-2E60-4E65-B83E-F10CB3179F0B}.Release|Any CPU.Build.0 = Release|Any CPU
		{374A3301-11E6-4138-9701-47304C951320}.Debug|Any CPU.ActiveCfg = Debug|Any CPU
		{374A3301-11E6-4138-9701-47304C951320}.Debug|Any CPU.Build.0 = Debug|Any CPU
		{374A3301-11E6-4138-9701-47304C951320}.Release|Any CPU.ActiveCfg = Release|Any CPU
		{374A3301-11E6-4138-9701-47304C951320}.Release|Any CPU.Build.0 = Release|Any CPU
		{902E2DA3-3CDA-492E-BA03-BDD7594821E9}.Debug|Any CPU.ActiveCfg = Debug|Any CPU
		{902E2DA3-3CDA-492E-BA03-BDD7594821E9}.Debug|Any CPU.Build.0 = Debug|Any CPU
		{902E2DA3-3CDA-492E-BA03-BDD7594821E9}.Release|Any CPU.ActiveCfg = Release|Any CPU
		{902E2DA3-3CDA-492E-BA03-BDD7594821E9}.Release|Any CPU.Build.0 = Release|Any CPU
		{A8ECF11E-DAB6-482C-8101-DAD736F83265}.Debug|Any CPU.ActiveCfg = Debug|Any CPU
		{A8ECF11E-DAB6-482C-8101-DAD736F83265}.Debug|Any CPU.Build.0 = Debug|Any CPU
		{A8ECF11E-DAB6-482C-8101-DAD736F83265}.Release|Any CPU.ActiveCfg = Release|Any CPU
		{A8ECF11E-DAB6-482C-8101-DAD736F83265}.Release|Any CPU.Build.0 = Release|Any CPU
		{E53E4725-5378-42EE-8E08-DD6B53999F7A}.Debug|Any CPU.ActiveCfg = Debug|Any CPU
		{E53E4725-5378-42EE-8E08-DD6B53999F7A}.Debug|Any CPU.Build.0 = Debug|Any CPU
		{E53E4725-5378-42EE-8E08-DD6B53999F7A}.Release|Any CPU.ActiveCfg = Release|Any CPU
		{E53E4725-5378-42EE-8E08-DD6B53999F7A}.Release|Any CPU.Build.0 = Release|Any CPU
		{6E1AC873-AC72-4409-B100-AC1BDF591DA9}.Debug|Any CPU.ActiveCfg = Debug|Any CPU
		{6E1AC873-AC72-4409-B100-AC1BDF591DA9}.Debug|Any CPU.Build.0 = Debug|Any CPU
		{6E1AC873-AC72-4409-B100-AC1BDF591DA9}.Release|Any CPU.ActiveCfg = Release|Any CPU
		{6E1AC873-AC72-4409-B100-AC1BDF591DA9}.Release|Any CPU.Build.0 = Release|Any CPU
		{0239D6C3-B1BB-49B3-BD60-9ED4DCE3B42D}.Debug|Any CPU.ActiveCfg = Debug|Any CPU
		{0239D6C3-B1BB-49B3-BD60-9ED4DCE3B42D}.Debug|Any CPU.Build.0 = Debug|Any CPU
		{0239D6C3-B1BB-49B3-BD60-9ED4DCE3B42D}.Release|Any CPU.ActiveCfg = Release|Any CPU
		{0239D6C3-B1BB-49B3-BD60-9ED4DCE3B42D}.Release|Any CPU.Build.0 = Release|Any CPU
		{CF813C5B-4220-4446-9240-72AE1160FD06}.Debug|Any CPU.ActiveCfg = Debug|Any CPU
		{CF813C5B-4220-4446-9240-72AE1160FD06}.Debug|Any CPU.Build.0 = Debug|Any CPU
		{CF813C5B-4220-4446-9240-72AE1160FD06}.Release|Any CPU.ActiveCfg = Release|Any CPU
		{CF813C5B-4220-4446-9240-72AE1160FD06}.Release|Any CPU.Build.0 = Release|Any CPU
		{6275F0A8-B3D2-4286-B13C-116518877205}.Debug|Any CPU.ActiveCfg = Debug|Any CPU
		{6275F0A8-B3D2-4286-B13C-116518877205}.Debug|Any CPU.Build.0 = Debug|Any CPU
		{6275F0A8-B3D2-4286-B13C-116518877205}.Release|Any CPU.ActiveCfg = Release|Any CPU
		{6275F0A8-B3D2-4286-B13C-116518877205}.Release|Any CPU.Build.0 = Release|Any CPU
		{927ABC22-D64E-4B0F-935D-8D6D97555993}.Debug|Any CPU.ActiveCfg = Debug|Any CPU
		{927ABC22-D64E-4B0F-935D-8D6D97555993}.Debug|Any CPU.Build.0 = Debug|Any CPU
		{927ABC22-D64E-4B0F-935D-8D6D97555993}.Release|Any CPU.ActiveCfg = Release|Any CPU
		{927ABC22-D64E-4B0F-935D-8D6D97555993}.Release|Any CPU.Build.0 = Release|Any CPU
		{07E65F73-8A49-4AD8-BD9B-330386D46DA8}.Debug|Any CPU.ActiveCfg = Debug|Any CPU
		{07E65F73-8A49-4AD8-BD9B-330386D46DA8}.Debug|Any CPU.Build.0 = Debug|Any CPU
		{07E65F73-8A49-4AD8-BD9B-330386D46DA8}.Release|Any CPU.ActiveCfg = Release|Any CPU
		{07E65F73-8A49-4AD8-BD9B-330386D46DA8}.Release|Any CPU.Build.0 = Release|Any CPU
		{848D7B1E-1B0B-4620-852B-224F9F3B2A39}.Debug|Any CPU.ActiveCfg = Debug|Any CPU
		{848D7B1E-1B0B-4620-852B-224F9F3B2A39}.Debug|Any CPU.Build.0 = Debug|Any CPU
		{848D7B1E-1B0B-4620-852B-224F9F3B2A39}.Release|Any CPU.ActiveCfg = Release|Any CPU
		{848D7B1E-1B0B-4620-852B-224F9F3B2A39}.Release|Any CPU.Build.0 = Release|Any CPU
		{3CE37406-1E67-4B86-9E81-2179BDFC04EE}.Debug|Any CPU.ActiveCfg = Debug|Any CPU
		{3CE37406-1E67-4B86-9E81-2179BDFC04EE}.Debug|Any CPU.Build.0 = Debug|Any CPU
		{3CE37406-1E67-4B86-9E81-2179BDFC04EE}.Release|Any CPU.ActiveCfg = Release|Any CPU
		{3CE37406-1E67-4B86-9E81-2179BDFC04EE}.Release|Any CPU.Build.0 = Release|Any CPU
		{12DD5D2B-C1D8-4310-A33E-886ACFD722FF}.Debug|Any CPU.ActiveCfg = Debug|Any CPU
		{12DD5D2B-C1D8-4310-A33E-886ACFD722FF}.Debug|Any CPU.Build.0 = Debug|Any CPU
		{12DD5D2B-C1D8-4310-A33E-886ACFD722FF}.Release|Any CPU.ActiveCfg = Release|Any CPU
		{12DD5D2B-C1D8-4310-A33E-886ACFD722FF}.Release|Any CPU.Build.0 = Release|Any CPU
		{49E327FE-BD38-419C-ABF7-875F441D6AD6}.Debug|Any CPU.ActiveCfg = Debug|Any CPU
		{49E327FE-BD38-419C-ABF7-875F441D6AD6}.Debug|Any CPU.Build.0 = Debug|Any CPU
		{49E327FE-BD38-419C-ABF7-875F441D6AD6}.Release|Any CPU.ActiveCfg = Release|Any CPU
		{49E327FE-BD38-419C-ABF7-875F441D6AD6}.Release|Any CPU.Build.0 = Release|Any CPU
		{80FA7C2D-331C-4D32-9303-99AC5BFAD703}.Debug|Any CPU.ActiveCfg = Debug|Any CPU
		{80FA7C2D-331C-4D32-9303-99AC5BFAD703}.Debug|Any CPU.Build.0 = Debug|Any CPU
		{80FA7C2D-331C-4D32-9303-99AC5BFAD703}.Release|Any CPU.ActiveCfg = Release|Any CPU
		{80FA7C2D-331C-4D32-9303-99AC5BFAD703}.Release|Any CPU.Build.0 = Release|Any CPU
		{80887A4B-9D74-4168-A58B-D0F0D29846D5}.Debug|Any CPU.ActiveCfg = Debug|Any CPU
		{80887A4B-9D74-4168-A58B-D0F0D29846D5}.Debug|Any CPU.Build.0 = Debug|Any CPU
		{80887A4B-9D74-4168-A58B-D0F0D29846D5}.Release|Any CPU.ActiveCfg = Release|Any CPU
		{80887A4B-9D74-4168-A58B-D0F0D29846D5}.Release|Any CPU.Build.0 = Release|Any CPU
	EndGlobalSection
	GlobalSection(SolutionProperties) = preSolution
		HideSolutionNode = FALSE
	EndGlobalSection
	GlobalSection(NestedProjects) = preSolution
		{E485F7E3-4E12-4150-9071-2AC13B0DF750} = {E73F2D63-12DB-4AB5-BC3D-2E164324EC5E}
		{46E863C2-123B-42A5-B0A0-6DC5B6EC793D} = {E73F2D63-12DB-4AB5-BC3D-2E164324EC5E}
		{4157DEEF-2E60-4E65-B83E-F10CB3179F0B} = {E73F2D63-12DB-4AB5-BC3D-2E164324EC5E}
		{374A3301-11E6-4138-9701-47304C951320} = {E73F2D63-12DB-4AB5-BC3D-2E164324EC5E}
		{902E2DA3-3CDA-492E-BA03-BDD7594821E9} = {E73F2D63-12DB-4AB5-BC3D-2E164324EC5E}
		{A8ECF11E-DAB6-482C-8101-DAD736F83265} = {A36CC098-A80C-4CCC-85BB-44435D7E43F8}
		{E53E4725-5378-42EE-8E08-DD6B53999F7A} = {A36CC098-A80C-4CCC-85BB-44435D7E43F8}
		{6E1AC873-AC72-4409-B100-AC1BDF591DA9} = {A36CC098-A80C-4CCC-85BB-44435D7E43F8}
		{0239D6C3-B1BB-49B3-BD60-9ED4DCE3B42D} = {A36CC098-A80C-4CCC-85BB-44435D7E43F8}
		{CF813C5B-4220-4446-9240-72AE1160FD06} = {364B5EB1-A199-497C-9E0A-B2A8FBDC12B5}
		{6275F0A8-B3D2-4286-B13C-116518877205} = {364B5EB1-A199-497C-9E0A-B2A8FBDC12B5}
		{927ABC22-D64E-4B0F-935D-8D6D97555993} = {364B5EB1-A199-497C-9E0A-B2A8FBDC12B5}
		{07E65F73-8A49-4AD8-BD9B-330386D46DA8} = {364B5EB1-A199-497C-9E0A-B2A8FBDC12B5}
		{848D7B1E-1B0B-4620-852B-224F9F3B2A39} = {364B5EB1-A199-497C-9E0A-B2A8FBDC12B5}
		{12DD5D2B-C1D8-4310-A33E-886ACFD722FF} = {1FC612B8-83B3-4B5E-8DE0-EF75DF3EF95C}
		{49E327FE-BD38-419C-ABF7-875F441D6AD6} = {1FC612B8-83B3-4B5E-8DE0-EF75DF3EF95C}
		{80FA7C2D-331C-4D32-9303-99AC5BFAD703} = {1FC612B8-83B3-4B5E-8DE0-EF75DF3EF95C}
		{80887A4B-9D74-4168-A58B-D0F0D29846D5} = {1FC612B8-83B3-4B5E-8DE0-EF75DF3EF95C}
	EndGlobalSection
	GlobalSection(ExtensibilityGlobals) = postSolution
		SolutionGuid = {B429EDA8-79DD-45B6-8A8F-A78132872EF1}
	EndGlobalSection
EndGlobal
